
Microsoft Visual Studio Solution File, Format Version 12.00
# Visual Studio Version 17
VisualStudioVersion = 17.5.33516.290
MinimumVisualStudioVersion = 10.0.40219.1
Project("{FAE04EC0-301F-11D3-BF4B-00C04F79EFBC}") = "AnimalShelter", "AnimalShelter\AnimalShelter.csproj", "{A2732C57-7B01-46E9-92E6-0D3E9A82E243}"
EndProject
Global
	GlobalSection(SolutionConfigurationPlatforms) = preSolution
		Debug|Any CPU = Debug|Any CPU
		Release|Any CPU = Release|Any CPU
	EndGlobalSection
	GlobalSection(ProjectConfigurationPlatforms) = postSolution
		{A2732C57-7B01-46E9-92E6-0D3E9A82E243}.Debug|Any CPU.ActiveCfg = Debug|Any CPU
		{A2732C57-7B01-46E9-92E6-0D3E9A82E243}.Debug|Any CPU.Build.0 = Debug|Any CPU
		{A2732C57-7B01-46E9-92E6-0D3E9A82E243}.Release|Any CPU.ActiveCfg = Release|Any CPU
		{A2732C57-7B01-46E9-92E6-0D3E9A82E243}.Release|Any CPU.Build.0 = Release|Any CPU
	EndGlobalSection
	GlobalSection(SolutionProperties) = preSolution
		HideSolutionNode = FALSE
	EndGlobalSection
	GlobalSection(ExtensibilityGlobals) = postSolution
		SolutionGuid = {702D9ED5-EB10-4FC1-BA43-DEB276A793C1}
	EndGlobalSection
EndGlobal
